
Microsoft Visual Studio Solution File, Format Version 12.00
# Visual Studio Version 17
VisualStudioVersion = 17.9.34616.47
MinimumVisualStudioVersion = 10.0.40219.1
Project("{FAE04EC0-301F-11D3-BF4B-00C04F79EFBC}") = "ExamWork_Dictionary", "ExamWork_Dictionary.csproj", "{01DBC1CF-DBCD-4E8F-9C1B-8D8655E61CAB}"
EndProject
Global
	GlobalSection(SolutionConfigurationPlatforms) = preSolution
		Debug|Any CPU = Debug|Any CPU
		Release|Any CPU = Release|Any CPU
	EndGlobalSection
	GlobalSection(ProjectConfigurationPlatforms) = postSolution
		{01DBC1CF-DBCD-4E8F-9C1B-8D8655E61CAB}.Debug|Any CPU.ActiveCfg = Debug|Any CPU
		{01DBC1CF-DBCD-4E8F-9C1B-8D8655E61CAB}.Debug|Any CPU.Build.0 = Debug|Any CPU
		{01DBC1CF-DBCD-4E8F-9C1B-8D8655E61CAB}.Release|Any CPU.ActiveCfg = Release|Any CPU
		{01DBC1CF-DBCD-4E8F-9C1B-8D8655E61CAB}.Release|Any CPU.Build.0 = Release|Any CPU
	EndGlobalSection
	GlobalSection(SolutionProperties) = preSolution
		HideSolutionNode = FALSE
	EndGlobalSection
	GlobalSection(ExtensibilityGlobals) = postSolution
		SolutionGuid = {B1673521-203E-4D99-8CE3-8B2C0644F847}
	EndGlobalSection
EndGlobal
